
Microsoft Visual Studio Solution File, Format Version 12.00
# Visual Studio Version 16
VisualStudioVersion = 16.0.30621.155
MinimumVisualStudioVersion = 10.0.40219.1
Project("{9A19103F-16F7-4668-BE54-9A1E7A4F7556}") = "FindYourTutorWebApp", "FindYourTutorWebApplication\FindYourTutorWebApp.csproj", "{ECF676B0-842B-4E77-88EA-F82F18224F97}"
EndProject
Global
	GlobalSection(SolutionConfigurationPlatforms) = preSolution
		Debug|Any CPU = Debug|Any CPU
		Release|Any CPU = Release|Any CPU
	EndGlobalSection
	GlobalSection(ProjectConfigurationPlatforms) = postSolution
		{ECF676B0-842B-4E77-88EA-F82F18224F97}.Debug|Any CPU.ActiveCfg = Debug|Any CPU
		{ECF676B0-842B-4E77-88EA-F82F18224F97}.Debug|Any CPU.Build.0 = Debug|Any CPU
		{ECF676B0-842B-4E77-88EA-F82F18224F97}.Release|Any CPU.ActiveCfg = Release|Any CPU
		{ECF676B0-842B-4E77-88EA-F82F18224F97}.Release|Any CPU.Build.0 = Release|Any CPU
	EndGlobalSection
	GlobalSection(SolutionProperties) = preSolution
		HideSolutionNode = FALSE
	EndGlobalSection
	GlobalSection(ExtensibilityGlobals) = postSolution
		SolutionGuid = {4D7C098B-2769-482D-8CB5-0F0DF887801D}
	EndGlobalSection
EndGlobal
